
Microsoft Visual Studio Solution File, Format Version 12.00
# Visual Studio Version 17
VisualStudioVersion = 17.13.35919.96 d17.13
MinimumVisualStudioVersion = 10.0.40219.1
Project("{FAE04EC0-301F-11D3-BF4B-00C04F79EFBC}") = "MachForm.NetCore", "MachForm.NetCore\MachForm.NetCore.csproj", "{516C18A6-BF90-4254-B0BB-1C29E13B2C10}"
EndProject
Global
	GlobalSection(SolutionConfigurationPlatforms) = preSolution
		Debug|Any CPU = Debug|Any CPU
		Release|Any CPU = Release|Any CPU
	EndGlobalSection
	GlobalSection(ProjectConfigurationPlatforms) = postSolution
		{516C18A6-BF90-4254-B0BB-1C29E13B2C10}.Debug|Any CPU.ActiveCfg = Debug|Any CPU
		{516C18A6-BF90-4254-B0BB-1C29E13B2C10}.Debug|Any CPU.Build.0 = Debug|Any CPU
		{516C18A6-BF90-4254-B0BB-1C29E13B2C10}.Release|Any CPU.ActiveCfg = Release|Any CPU
		{516C18A6-BF90-4254-B0BB-1C29E13B2C10}.Release|Any CPU.Build.0 = Release|Any CPU
	EndGlobalSection
	GlobalSection(SolutionProperties) = preSolution
		HideSolutionNode = FALSE
	EndGlobalSection
	GlobalSection(ExtensibilityGlobals) = postSolution
		SolutionGuid = {F9C702AB-4662-40D4-838D-410BE838383E}
	EndGlobalSection
EndGlobal
