
Microsoft Visual Studio Solution File, Format Version 12.00
# Visual Studio Version 17
VisualStudioVersion = 17.13.35919.96 d17.13
MinimumVisualStudioVersion = 10.0.40219.1
Project("{FAE04EC0-301F-11D3-BF4B-00C04F79EFBC}") = "Convertify", "Convertify\Convertify.csproj", "{743AF1BD-3596-4689-A120-654FEE09D11C}"
EndProject
Global
	GlobalSection(SolutionConfigurationPlatforms) = preSolution
		Debug|Any CPU = Debug|Any CPU
		Release|Any CPU = Release|Any CPU
	EndGlobalSection
	GlobalSection(ProjectConfigurationPlatforms) = postSolution
		{743AF1BD-3596-4689-A120-654FEE09D11C}.Debug|Any CPU.ActiveCfg = Debug|Any CPU
		{743AF1BD-3596-4689-A120-654FEE09D11C}.Debug|Any CPU.Build.0 = Debug|Any CPU
		{743AF1BD-3596-4689-A120-654FEE09D11C}.Release|Any CPU.ActiveCfg = Release|Any CPU
		{743AF1BD-3596-4689-A120-654FEE09D11C}.Release|Any CPU.Build.0 = Release|Any CPU
	EndGlobalSection
	GlobalSection(SolutionProperties) = preSolution
		HideSolutionNode = FALSE
	EndGlobalSection
	GlobalSection(ExtensibilityGlobals) = postSolution
		SolutionGuid = {19561896-1E92-433E-9176-00BD8BB99462}
	EndGlobalSection
EndGlobal
